
Microsoft Visual Studio Solution File, Format Version 12.00
# Visual Studio Version 17
VisualStudioVersion = 17.2.32630.192
MinimumVisualStudioVersion = 10.0.40219.1
Project("{FAE04EC0-301F-11D3-BF4B-00C04F79EFBC}") = "Akaryakıt Projesi", "Akaryakıt Projesi.csproj", "{2AD91183-A514-4091-9594-7FB58DBFE0C7}"
EndProject
Global
	GlobalSection(SolutionConfigurationPlatforms) = preSolution
		Debug|Any CPU = Debug|Any CPU
		Release|Any CPU = Release|Any CPU
	EndGlobalSection
	GlobalSection(ProjectConfigurationPlatforms) = postSolution
		{2AD91183-A514-4091-9594-7FB58DBFE0C7}.Debug|Any CPU.ActiveCfg = Debug|Any CPU
		{2AD91183-A514-4091-9594-7FB58DBFE0C7}.Debug|Any CPU.Build.0 = Debug|Any CPU
		{2AD91183-A514-4091-9594-7FB58DBFE0C7}.Release|Any CPU.ActiveCfg = Release|Any CPU
		{2AD91183-A514-4091-9594-7FB58DBFE0C7}.Release|Any CPU.Build.0 = Release|Any CPU
	EndGlobalSection
	GlobalSection(SolutionProperties) = preSolution
		HideSolutionNode = FALSE
	EndGlobalSection
	GlobalSection(ExtensibilityGlobals) = postSolution
		SolutionGuid = {1D9CE09C-EDE0-457A-8B42-7B08EF57BF40}
	EndGlobalSection
EndGlobal
